// !$*UTF8*$!
{
	archiveVersion = 1;
	classes = {
	};
	objectVersion = 46;
	objects = {

/* Begin PBXBuildFile section */
		4445B4761F53BFE60063E8B8 /* main.m in Sources */ = {isa = PBXBuildFile; fileRef = 4445B4751F53BFE60063E8B8 /* main.m */; };
		4445B4791F53BFE60063E8B8 /* AppDelegate.m in Sources */ = {isa = PBXBuildFile; fileRef = 4445B4781F53BFE60063E8B8 /* AppDelegate.m */; };
		4445B4811F53BFE60063E8B8 /* Assets.xcassets in Resources */ = {isa = PBXBuildFile; fileRef = 4445B4801F53BFE60063E8B8 /* Assets.xcassets */; };
		4445B4841F53BFE60063E8B8 /* LaunchScreen.storyboard in Resources */ = {isa = PBXBuildFile; fileRef = 4445B4821F53BFE60063E8B8 /* LaunchScreen.storyboard */; };
		4445B48F1F53BFE60063E8B8 /* MobPaySDKDemoTests.m in Sources */ = {isa = PBXBuildFile; fileRef = 4445B48E1F53BFE60063E8B8 /* MobPaySDKDemoTests.m */; };
		4445B4C41F5416B30063E8B8 /* libstdc++.tbd in Frameworks */ = {isa = PBXBuildFile; fileRef = 4445B4C31F5416B30063E8B8 /* libstdc++.tbd */; };
		4445B4C61F5416B90063E8B8 /* libz.tbd in Frameworks */ = {isa = PBXBuildFile; fileRef = 4445B4C51F5416B90063E8B8 /* libz.tbd */; };
		4445B50E1F55484A0063E8B8 /* libsqlite3.tbd in Frameworks */ = {isa = PBXBuildFile; fileRef = 4445B50D1F55484A0063E8B8 /* libsqlite3.tbd */; };
		445507FC1F677F4F0089AB6D /* MPSPayManager.m in Sources */ = {isa = PBXBuildFile; fileRef = 445507FB1F677F4F0089AB6D /* MPSPayManager.m */; };
		4455081E1F67B2E30089AB6D /* MPSOrdersViewController.m in Sources */ = {isa = PBXBuildFile; fileRef = 4455080A1F67B2E30089AB6D /* MPSOrdersViewController.m */; };
		4455081F1F67B2E30089AB6D /* MPSOrdersViewController.xib in Resources */ = {isa = PBXBuildFile; fileRef = 4455080B1F67B2E30089AB6D /* MPSOrdersViewController.xib */; };
		445508201F67B2E30089AB6D /* MPSPaymentViewController.m in Sources */ = {isa = PBXBuildFile; fileRef = 4455080D1F67B2E30089AB6D /* MPSPaymentViewController.m */; };
		445508211F67B2E30089AB6D /* MPSPaymentViewController.xib in Resources */ = {isa = PBXBuildFile; fileRef = 4455080E1F67B2E30089AB6D /* MPSPaymentViewController.xib */; };
		445508221F67B2E30089AB6D /* MPSPayStatusHUD.m in Sources */ = {isa = PBXBuildFile; fileRef = 445508101F67B2E30089AB6D /* MPSPayStatusHUD.m */; };
		445508231F67B2E30089AB6D /* MPSOrder.m in Sources */ = {isa = PBXBuildFile; fileRef = 445508131F67B2E30089AB6D /* MPSOrder.m */; };
		445508241F67B2E30089AB6D /* MPSChannelTableViewCell.m in Sources */ = {isa = PBXBuildFile; fileRef = 445508161F67B2E30089AB6D /* MPSChannelTableViewCell.m */; };
		445508251F67B2E30089AB6D /* MPSChannelTableViewCell.xib in Resources */ = {isa = PBXBuildFile; fileRef = 445508171F67B2E30089AB6D /* MPSChannelTableViewCell.xib */; };
		445508261F67B2E30089AB6D /* MPSOrdersTableViewCell.m in Sources */ = {isa = PBXBuildFile; fileRef = 445508191F67B2E30089AB6D /* MPSOrdersTableViewCell.m */; };
		445508271F67B2E30089AB6D /* MPSOrdersTableViewCell.xib in Resources */ = {isa = PBXBuildFile; fileRef = 4455081A1F67B2E30089AB6D /* MPSOrdersTableViewCell.xib */; };
		445508281F67B2E30089AB6D /* MPSPayStatusView.m in Sources */ = {isa = PBXBuildFile; fileRef = 4455081C1F67B2E30089AB6D /* MPSPayStatusView.m */; };
		445508291F67B2E30089AB6D /* MPSPayStatusView.xib in Resources */ = {isa = PBXBuildFile; fileRef = 4455081D1F67B2E30089AB6D /* MPSPayStatusView.xib */; };
		44E8B87B1F7BCFC500D81473 /* MOBFoundation.framework in Frameworks */ = {isa = PBXBuildFile; fileRef = 44E8B87A1F7BCFB500D81473 /* MOBFoundation.framework */; };
		44E8B87C1F7BCFC800D81473 /* MOBPaySDK.framework in Frameworks */ = {isa = PBXBuildFile; fileRef = 44E8B8781F7BCFB500D81473 /* MOBPaySDK.framework */; };
		44F4CC381FA9C6A100B31D6B /* CoreMotion.framework in Frameworks */ = {isa = PBXBuildFile; fileRef = 4445B5091F5545090063E8B8 /* CoreMotion.framework */; };
		44F4CC421FA9CAF800B31D6B /* AlipaySDK.bundle in Resources */ = {isa = PBXBuildFile; fileRef = 44F4CC3B1FA9CAF800B31D6B /* AlipaySDK.bundle */; };
		44F4CC431FA9CAF800B31D6B /* AlipaySDK.framework in Frameworks */ = {isa = PBXBuildFile; fileRef = 44F4CC3C1FA9CAF800B31D6B /* AlipaySDK.framework */; };
		44F4CC441FA9CAF800B31D6B /* libWeChatSDK.a in Frameworks */ = {isa = PBXBuildFile; fileRef = 44F4CC3E1FA9CAF800B31D6B /* libWeChatSDK.a */; };
/* End PBXBuildFile section */

/* Begin PBXContainerItemProxy section */
		4445B48B1F53BFE60063E8B8 /* PBXContainerItemProxy */ = {
			isa = PBXContainerItemProxy;
			containerPortal = 4445B4691F53BFE60063E8B8 /* Project object */;
			proxyType = 1;
			remoteGlobalIDString = 4445B4701F53BFE60063E8B8;
			remoteInfo = MobPaySDKDemo;
		};
/* End PBXContainerItemProxy section */

/* Begin PBXFileReference section */
		4445B4711F53BFE60063E8B8 /* MobPaySDKDemo.app */ = {isa = PBXFileReference; explicitFileType = wrapper.application; includeInIndex = 0; path = MobPaySDKDemo.app; sourceTree = BUILT_PRODUCTS_DIR; };
		4445B4751F53BFE60063E8B8 /* main.m */ = {isa = PBXFileReference; lastKnownFileType = sourcecode.c.objc; path = main.m; sourceTree = "<group>"; };
		4445B4771F53BFE60063E8B8 /* AppDelegate.h */ = {isa = PBXFileReference; lastKnownFileType = sourcecode.c.h; path = AppDelegate.h; sourceTree = "<group>"; };
		4445B4781F53BFE60063E8B8 /* AppDelegate.m */ = {isa = PBXFileReference; lastKnownFileType = sourcecode.c.objc; path = AppDelegate.m; sourceTree = "<group>"; };
		4445B4801F53BFE60063E8B8 /* Assets.xcassets */ = {isa = PBXFileReference; lastKnownFileType = folder.assetcatalog; path = Assets.xcassets; sourceTree = "<group>"; };
		4445B4831F53BFE60063E8B8 /* Base */ = {isa = PBXFileReference; lastKnownFileType = file.storyboard; name = Base; path = Base.lproj/LaunchScreen.storyboard; sourceTree = "<group>"; };
		4445B4851F53BFE60063E8B8 /* Info.plist */ = {isa = PBXFileReference; lastKnownFileType = text.plist.xml; path = Info.plist; sourceTree = "<group>"; };
		4445B48A1F53BFE60063E8B8 /* MobPaySDKDemoTests.xctest */ = {isa = PBXFileReference; explicitFileType = wrapper.cfbundle; includeInIndex = 0; path = MobPaySDKDemoTests.xctest; sourceTree = BUILT_PRODUCTS_DIR; };
		4445B48E1F53BFE60063E8B8 /* MobPaySDKDemoTests.m */ = {isa = PBXFileReference; lastKnownFileType = sourcecode.c.objc; path = MobPaySDKDemoTests.m; sourceTree = "<group>"; };
		4445B4901F53BFE60063E8B8 /* Info.plist */ = {isa = PBXFileReference; lastKnownFileType = text.plist.xml; path = Info.plist; sourceTree = "<group>"; };
		4445B4C31F5416B30063E8B8 /* libstdc++.tbd */ = {isa = PBXFileReference; lastKnownFileType = "sourcecode.text-based-dylib-definition"; name = "libstdc++.tbd"; path = "usr/lib/libstdc++.tbd"; sourceTree = SDKROOT; };
		4445B4C51F5416B90063E8B8 /* libz.tbd */ = {isa = PBXFileReference; lastKnownFileType = "sourcecode.text-based-dylib-definition"; name = libz.tbd; path = usr/lib/libz.tbd; sourceTree = SDKROOT; };
		4445B5091F5545090063E8B8 /* CoreMotion.framework */ = {isa = PBXFileReference; lastKnownFileType = wrapper.framework; name = CoreMotion.framework; path = System/Library/Frameworks/CoreMotion.framework; sourceTree = SDKROOT; };
		4445B50D1F55484A0063E8B8 /* libsqlite3.tbd */ = {isa = PBXFileReference; lastKnownFileType = "sourcecode.text-based-dylib-definition"; name = libsqlite3.tbd; path = usr/lib/libsqlite3.tbd; sourceTree = SDKROOT; };
		445507FA1F677F4F0089AB6D /* MPSPayManager.h */ = {isa = PBXFileReference; fileEncoding = 4; lastKnownFileType = sourcecode.c.h; path = MPSPayManager.h; sourceTree = "<group>"; };
		445507FB1F677F4F0089AB6D /* MPSPayManager.m */ = {isa = PBXFileReference; fileEncoding = 4; lastKnownFileType = sourcecode.c.objc; path = MPSPayManager.m; sourceTree = "<group>"; };
		445508091F67B2E30089AB6D /* MPSOrdersViewController.h */ = {isa = PBXFileReference; fileEncoding = 4; lastKnownFileType = sourcecode.c.h; path = MPSOrdersViewController.h; sourceTree = "<group>"; };
		4455080A1F67B2E30089AB6D /* MPSOrdersViewController.m */ = {isa = PBXFileReference; fileEncoding = 4; lastKnownFileType = sourcecode.c.objc; path = MPSOrdersViewController.m; sourceTree = "<group>"; };
		4455080B1F67B2E30089AB6D /* MPSOrdersViewController.xib */ = {isa = PBXFileReference; fileEncoding = 4; lastKnownFileType = file.xib; path = MPSOrdersViewController.xib; sourceTree = "<group>"; };
		4455080C1F67B2E30089AB6D /* MPSPaymentViewController.h */ = {isa = PBXFileReference; fileEncoding = 4; lastKnownFileType = sourcecode.c.h; path = MPSPaymentViewController.h; sourceTree = "<group>"; };
		4455080D1F67B2E30089AB6D /* MPSPaymentViewController.m */ = {isa = PBXFileReference; fileEncoding = 4; lastKnownFileType = sourcecode.c.objc; path = MPSPaymentViewController.m; sourceTree = "<group>"; };
		4455080E1F67B2E30089AB6D /* MPSPaymentViewController.xib */ = {isa = PBXFileReference; fileEncoding = 4; lastKnownFileType = file.xib; path = MPSPaymentViewController.xib; sourceTree = "<group>"; };
		4455080F1F67B2E30089AB6D /* MPSPayStatusHUD.h */ = {isa = PBXFileReference; fileEncoding = 4; lastKnownFileType = sourcecode.c.h; path = MPSPayStatusHUD.h; sourceTree = "<group>"; };
		445508101F67B2E30089AB6D /* MPSPayStatusHUD.m */ = {isa = PBXFileReference; fileEncoding = 4; lastKnownFileType = sourcecode.c.objc; path = MPSPayStatusHUD.m; sourceTree = "<group>"; };
		445508121F67B2E30089AB6D /* MPSOrder.h */ = {isa = PBXFileReference; fileEncoding = 4; lastKnownFileType = sourcecode.c.h; path = MPSOrder.h; sourceTree = "<group>"; };
		445508131F67B2E30089AB6D /* MPSOrder.m */ = {isa = PBXFileReference; fileEncoding = 4; lastKnownFileType = sourcecode.c.objc; path = MPSOrder.m; sourceTree = "<group>"; };
		445508151F67B2E30089AB6D /* MPSChannelTableViewCell.h */ = {isa = PBXFileReference; fileEncoding = 4; lastKnownFileType = sourcecode.c.h; path = MPSChannelTableViewCell.h; sourceTree = "<group>"; };
		445508161F67B2E30089AB6D /* MPSChannelTableViewCell.m */ = {isa = PBXFileReference; fileEncoding = 4; lastKnownFileType = sourcecode.c.objc; path = MPSChannelTableViewCell.m; sourceTree = "<group>"; };
		445508171F67B2E30089AB6D /* MPSChannelTableViewCell.xib */ = {isa = PBXFileReference; fileEncoding = 4; lastKnownFileType = file.xib; path = MPSChannelTableViewCell.xib; sourceTree = "<group>"; };
		445508181F67B2E30089AB6D /* MPSOrdersTableViewCell.h */ = {isa = PBXFileReference; fileEncoding = 4; lastKnownFileType = sourcecode.c.h; path = MPSOrdersTableViewCell.h; sourceTree = "<group>"; };
		445508191F67B2E30089AB6D /* MPSOrdersTableViewCell.m */ = {isa = PBXFileReference; fileEncoding = 4; lastKnownFileType = sourcecode.c.objc; path = MPSOrdersTableViewCell.m; sourceTree = "<group>"; };
		4455081A1F67B2E30089AB6D /* MPSOrdersTableViewCell.xib */ = {isa = PBXFileReference; fileEncoding = 4; lastKnownFileType = file.xib; path = MPSOrdersTableViewCell.xib; sourceTree = "<group>"; };
		4455081B1F67B2E30089AB6D /* MPSPayStatusView.h */ = {isa = PBXFileReference; fileEncoding = 4; lastKnownFileType = sourcecode.c.h; path = MPSPayStatusView.h; sourceTree = "<group>"; };
		4455081C1F67B2E30089AB6D /* MPSPayStatusView.m */ = {isa = PBXFileReference; fileEncoding = 4; lastKnownFileType = sourcecode.c.objc; path = MPSPayStatusView.m; sourceTree = "<group>"; };
		4455081D1F67B2E30089AB6D /* MPSPayStatusView.xib */ = {isa = PBXFileReference; fileEncoding = 4; lastKnownFileType = file.xib; path = MPSPayStatusView.xib; sourceTree = "<group>"; };
		44E8B8781F7BCFB500D81473 /* MOBPaySDK.framework */ = {isa = PBXFileReference; lastKnownFileType = wrapper.framework; path = MOBPaySDK.framework; sourceTree = "<group>"; };
		44E8B87A1F7BCFB500D81473 /* MOBFoundation.framework */ = {isa = PBXFileReference; lastKnownFileType = wrapper.framework; path = MOBFoundation.framework; sourceTree = "<group>"; };
		44F4CC3B1FA9CAF800B31D6B /* AlipaySDK.bundle */ = {isa = PBXFileReference; lastKnownFileType = "wrapper.plug-in"; path = AlipaySDK.bundle; sourceTree = "<group>"; };
		44F4CC3C1FA9CAF800B31D6B /* AlipaySDK.framework */ = {isa = PBXFileReference; lastKnownFileType = wrapper.framework; path = AlipaySDK.framework; sourceTree = "<group>"; };
		44F4CC3E1FA9CAF800B31D6B /* libWeChatSDK.a */ = {isa = PBXFileReference; lastKnownFileType = archive.ar; path = libWeChatSDK.a; sourceTree = "<group>"; };
		44F4CC3F1FA9CAF800B31D6B /* WechatAuthSDK.h */ = {isa = PBXFileReference; fileEncoding = 4; lastKnownFileType = sourcecode.c.h; path = WechatAuthSDK.h; sourceTree = "<group>"; };
		44F4CC401FA9CAF800B31D6B /* WXApi.h */ = {isa = PBXFileReference; fileEncoding = 4; lastKnownFileType = sourcecode.c.h; path = WXApi.h; sourceTree = "<group>"; };
		44F4CC411FA9CAF800B31D6B /* WXApiObject.h */ = {isa = PBXFileReference; fileEncoding = 4; lastKnownFileType = sourcecode.c.h; path = WXApiObject.h; sourceTree = "<group>"; };
/* End PBXFileReference section */

/* Begin PBXFrameworksBuildPhase section */
		4445B46E1F53BFE60063E8B8 /* Frameworks */ = {
			isa = PBXFrameworksBuildPhase;
			buildActionMask = 2147483647;
			files = (
				44F4CC431FA9CAF800B31D6B /* AlipaySDK.framework in Frameworks */,
				44F4CC381FA9C6A100B31D6B /* CoreMotion.framework in Frameworks */,
				44F4CC441FA9CAF800B31D6B /* libWeChatSDK.a in Frameworks */,
				44E8B87C1F7BCFC800D81473 /* MOBPaySDK.framework in Frameworks */,
				44E8B87B1F7BCFC500D81473 /* MOBFoundation.framework in Frameworks */,
				4445B50E1F55484A0063E8B8 /* libsqlite3.tbd in Frameworks */,
				4445B4C61F5416B90063E8B8 /* libz.tbd in Frameworks */,
				4445B4C41F5416B30063E8B8 /* libstdc++.tbd in Frameworks */,
			);
			runOnlyForDeploymentPostprocessing = 0;
		};
		4445B4871F53BFE60063E8B8 /* Frameworks */ = {
			isa = PBXFrameworksBuildPhase;
			buildActionMask = 2147483647;
			files = (
			);
			runOnlyForDeploymentPostprocessing = 0;
		};
/* End PBXFrameworksBuildPhase section */

/* Begin PBXGroup section */
		4445B4681F53BFE60063E8B8 = {
			isa = PBXGroup;
			children = (
				4445B4731F53BFE60063E8B8 /* MobPaySDKDemo */,
				4445B48D1F53BFE60063E8B8 /* MobPaySDKDemoTests */,
				4445B4721F53BFE60063E8B8 /* Products */,
				4445B4C21F5416B20063E8B8 /* Frameworks */,
			);
			sourceTree = "<group>";
		};
		4445B4721F53BFE60063E8B8 /* Products */ = {
			isa = PBXGroup;
			children = (
				4445B4711F53BFE60063E8B8 /* MobPaySDKDemo.app */,
				4445B48A1F53BFE60063E8B8 /* MobPaySDKDemoTests.xctest */,
			);
			name = Products;
			sourceTree = "<group>";
		};
		4445B4731F53BFE60063E8B8 /* MobPaySDKDemo */ = {
			isa = PBXGroup;
			children = (
				4445B4771F53BFE60063E8B8 /* AppDelegate.h */,
				4445B4781F53BFE60063E8B8 /* AppDelegate.m */,
				445507FA1F677F4F0089AB6D /* MPSPayManager.h */,
				445507FB1F677F4F0089AB6D /* MPSPayManager.m */,
				445508081F67B2E30089AB6D /* Controllers */,
				445508141F67B2E30089AB6D /* Views */,
				44E8B86D1F7BCFB500D81473 /* SDK */,
				445508111F67B2E30089AB6D /* Models */,
				4445B4741F53BFE60063E8B8 /* Supporting Files */,
			);
			path = MobPaySDKDemo;
			sourceTree = "<group>";
		};
		4445B4741F53BFE60063E8B8 /* Supporting Files */ = {
			isa = PBXGroup;
			children = (
				4445B4801F53BFE60063E8B8 /* Assets.xcassets */,
				4445B4821F53BFE60063E8B8 /* LaunchScreen.storyboard */,
				4445B4851F53BFE60063E8B8 /* Info.plist */,
				4445B4751F53BFE60063E8B8 /* main.m */,
			);
			name = "Supporting Files";
			sourceTree = "<group>";
		};
		4445B48D1F53BFE60063E8B8 /* MobPaySDKDemoTests */ = {
			isa = PBXGroup;
			children = (
				4445B48E1F53BFE60063E8B8 /* MobPaySDKDemoTests.m */,
				4445B4901F53BFE60063E8B8 /* Info.plist */,
			);
			path = MobPaySDKDemoTests;
			sourceTree = "<group>";
		};
		4445B4C21F5416B20063E8B8 /* Frameworks */ = {
			isa = PBXGroup;
			children = (
				4445B50D1F55484A0063E8B8 /* libsqlite3.tbd */,
				4445B5091F5545090063E8B8 /* CoreMotion.framework */,
				4445B4C51F5416B90063E8B8 /* libz.tbd */,
				4445B4C31F5416B30063E8B8 /* libstdc++.tbd */,
			);
			name = Frameworks;
			sourceTree = "<group>";
		};
		445508081F67B2E30089AB6D /* Controllers */ = {
			isa = PBXGroup;
			children = (
				4455080C1F67B2E30089AB6D /* MPSPaymentViewController.h */,
				4455080D1F67B2E30089AB6D /* MPSPaymentViewController.m */,
				4455080E1F67B2E30089AB6D /* MPSPaymentViewController.xib */,
				445508091F67B2E30089AB6D /* MPSOrdersViewController.h */,
				4455080A1F67B2E30089AB6D /* MPSOrdersViewController.m */,
				4455080B1F67B2E30089AB6D /* MPSOrdersViewController.xib */,
				4455080F1F67B2E30089AB6D /* MPSPayStatusHUD.h */,
				445508101F67B2E30089AB6D /* MPSPayStatusHUD.m */,
			);
			path = Controllers;
			sourceTree = "<group>";
		};
		445508111F67B2E30089AB6D /* Models */ = {
			isa = PBXGroup;
			children = (
				445508121F67B2E30089AB6D /* MPSOrder.h */,
				445508131F67B2E30089AB6D /* MPSOrder.m */,
			);
			path = Models;
			sourceTree = "<group>";
		};
		445508141F67B2E30089AB6D /* Views */ = {
			isa = PBXGroup;
			children = (
				445508151F67B2E30089AB6D /* MPSChannelTableViewCell.h */,
				445508161F67B2E30089AB6D /* MPSChannelTableViewCell.m */,
				445508171F67B2E30089AB6D /* MPSChannelTableViewCell.xib */,
				445508181F67B2E30089AB6D /* MPSOrdersTableViewCell.h */,
				445508191F67B2E30089AB6D /* MPSOrdersTableViewCell.m */,
				4455081A1F67B2E30089AB6D /* MPSOrdersTableViewCell.xib */,
				4455081B1F67B2E30089AB6D /* MPSPayStatusView.h */,
				4455081C1F67B2E30089AB6D /* MPSPayStatusView.m */,
				4455081D1F67B2E30089AB6D /* MPSPayStatusView.xib */,
			);
			path = Views;
			sourceTree = "<group>";
		};
		44E8B86D1F7BCFB500D81473 /* SDK */ = {
			isa = PBXGroup;
			children = (
				44E8B86E1F7BCFB500D81473 /* Channels */,
				44E8B8771F7BCFB500D81473 /* MOBPaySDK */,
				44E8B8791F7BCFB500D81473 /* Required */,
			);
			path = SDK;
			sourceTree = SOURCE_ROOT;
		};
		44E8B86E1F7BCFB500D81473 /* Channels */ = {
			isa = PBXGroup;
			children = (
				44F4CC3A1FA9CAF800B31D6B /* AliPaySDK */,
				44F4CC3D1FA9CAF800B31D6B /* WeChatSDK */,
			);
			path = Channels;
			sourceTree = "<group>";
		};
		44E8B8771F7BCFB500D81473 /* MOBPaySDK */ = {
			isa = PBXGroup;
			children = (
				44E8B8781F7BCFB500D81473 /* MOBPaySDK.framework */,
			);
			path = MOBPaySDK;
			sourceTree = "<group>";
		};
		44E8B8791F7BCFB500D81473 /* Required */ = {
			isa = PBXGroup;
			children = (
				44E8B87A1F7BCFB500D81473 /* MOBFoundation.framework */,
			);
			path = Required;
			sourceTree = "<group>";
		};
		44F4CC3A1FA9CAF800B31D6B /* AliPaySDK */ = {
			isa = PBXGroup;
			children = (
				44F4CC3B1FA9CAF800B31D6B /* AlipaySDK.bundle */,
				44F4CC3C1FA9CAF800B31D6B /* AlipaySDK.framework */,
			);
			path = AliPaySDK;
			sourceTree = "<group>";
		};
		44F4CC3D1FA9CAF800B31D6B /* WeChatSDK */ = {
			isa = PBXGroup;
			children = (
				44F4CC3E1FA9CAF800B31D6B /* libWeChatSDK.a */,
				44F4CC3F1FA9CAF800B31D6B /* WechatAuthSDK.h */,
				44F4CC401FA9CAF800B31D6B /* WXApi.h */,
				44F4CC411FA9CAF800B31D6B /* WXApiObject.h */,
			);
			path = WeChatSDK;
			sourceTree = "<group>";
		};
/* End PBXGroup section */

/* Begin PBXNativeTarget section */
		4445B4701F53BFE60063E8B8 /* MobPaySDKDemo */ = {
			isa = PBXNativeTarget;
			buildConfigurationList = 4445B4931F53BFE60063E8B8 /* Build configuration list for PBXNativeTarget "MobPaySDKDemo" */;
			buildPhases = (
				4445B46D1F53BFE60063E8B8 /* Sources */,
				4445B46E1F53BFE60063E8B8 /* Frameworks */,
				4445B46F1F53BFE60063E8B8 /* Resources */,
			);
			buildRules = (
			);
			dependencies = (
			);
			name = MobPaySDKDemo;
			productName = MobPaySDKDemo;
			productReference = 4445B4711F53BFE60063E8B8 /* MobPaySDKDemo.app */;
			productType = "com.apple.product-type.application";
		};
		4445B4891F53BFE60063E8B8 /* MobPaySDKDemoTests */ = {
			isa = PBXNativeTarget;
			buildConfigurationList = 4445B4961F53BFE60063E8B8 /* Build configuration list for PBXNativeTarget "MobPaySDKDemoTests" */;
			buildPhases = (
				4445B4861F53BFE60063E8B8 /* Sources */,
				4445B4871F53BFE60063E8B8 /* Frameworks */,
				4445B4881F53BFE60063E8B8 /* Resources */,
			);
			buildRules = (
			);
			dependencies = (
				4445B48C1F53BFE60063E8B8 /* PBXTargetDependency */,
			);
			name = MobPaySDKDemoTests;
			productName = MobPaySDKDemoTests;
			productReference = 4445B48A1F53BFE60063E8B8 /* MobPaySDKDemoTests.xctest */;
			productType = "com.apple.product-type.bundle.unit-test";
		};
/* End PBXNativeTarget section */

/* Begin PBXProject section */
		4445B4691F53BFE60063E8B8 /* Project object */ = {
			isa = PBXProject;
			attributes = {
				LastUpgradeCheck = 0830;
				ORGANIZATIONNAME = youzu;
				TargetAttributes = {
					4445B4701F53BFE60063E8B8 = {
						CreatedOnToolsVersion = 8.3.3;
						DevelopmentTeam = Q87QUX3533;
						ProvisioningStyle = Manual;
					};
					4445B4891F53BFE60063E8B8 = {
						CreatedOnToolsVersion = 8.3.3;
						DevelopmentTeam = RS44JP5XUM;
						ProvisioningStyle = Automatic;
						TestTargetID = 4445B4701F53BFE60063E8B8;
					};
				};
			};
			buildConfigurationList = 4445B46C1F53BFE60063E8B8 /* Build configuration list for PBXProject "MobPaySDKDemo" */;
			compatibilityVersion = "Xcode 3.2";
			developmentRegion = English;
			hasScannedForEncodings = 0;
			knownRegions = (
				en,
				Base,
			);
			mainGroup = 4445B4681F53BFE60063E8B8;
			productRefGroup = 4445B4721F53BFE60063E8B8 /* Products */;
			projectDirPath = "";
			projectRoot = "";
			targets = (
				4445B4701F53BFE60063E8B8 /* MobPaySDKDemo */,
				4445B4891F53BFE60063E8B8 /* MobPaySDKDemoTests */,
			);
		};
/* End PBXProject section */

/* Begin PBXResourcesBuildPhase section */
		4445B46F1F53BFE60063E8B8 /* Resources */ = {
			isa = PBXResourcesBuildPhase;
			buildActionMask = 2147483647;
			files = (
				445508251F67B2E30089AB6D /* MPSChannelTableViewCell.xib in Resources */,
				445508211F67B2E30089AB6D /* MPSPaymentViewController.xib in Resources */,
				44F4CC421FA9CAF800B31D6B /* AlipaySDK.bundle in Resources */,
				4445B4841F53BFE60063E8B8 /* LaunchScreen.storyboard in Resources */,
				445508271F67B2E30089AB6D /* MPSOrdersTableViewCell.xib in Resources */,
				4455081F1F67B2E30089AB6D /* MPSOrdersViewController.xib in Resources */,
				445508291F67B2E30089AB6D /* MPSPayStatusView.xib in Resources */,
				4445B4811F53BFE60063E8B8 /* Assets.xcassets in Resources */,
			);
			runOnlyForDeploymentPostprocessing = 0;
		};
		4445B4881F53BFE60063E8B8 /* Resources */ = {
			isa = PBXResourcesBuildPhase;
			buildActionMask = 2147483647;
			files = (
			);
			runOnlyForDeploymentPostprocessing = 0;
		};
/* End PBXResourcesBuildPhase section */

/* Begin PBXSourcesBuildPhase section */
		4445B46D1F53BFE60063E8B8 /* Sources */ = {
			isa = PBXSourcesBuildPhase;
			buildActionMask = 2147483647;
			files = (
				445508241F67B2E30089AB6D /* MPSChannelTableViewCell.m in Sources */,
				445508201F67B2E30089AB6D /* MPSPaymentViewController.m in Sources */,
				445508281F67B2E30089AB6D /* MPSPayStatusView.m in Sources */,
				445508221F67B2E30089AB6D /* MPSPayStatusHUD.m in Sources */,
				4445B4791F53BFE60063E8B8 /* AppDelegate.m in Sources */,
				445507FC1F677F4F0089AB6D /* MPSPayManager.m in Sources */,
				4455081E1F67B2E30089AB6D /* MPSOrdersViewController.m in Sources */,
				445508261F67B2E30089AB6D /* MPSOrdersTableViewCell.m in Sources */,
				445508231F67B2E30089AB6D /* MPSOrder.m in Sources */,
				4445B4761F53BFE60063E8B8 /* main.m in Sources */,
			);
			runOnlyForDeploymentPostprocessing = 0;
		};
		4445B4861F53BFE60063E8B8 /* Sources */ = {
			isa = PBXSourcesBuildPhase;
			buildActionMask = 2147483647;
			files = (
				4445B48F1F53BFE60063E8B8 /* MobPaySDKDemoTests.m in Sources */,
			);
			runOnlyForDeploymentPostprocessing = 0;
		};
/* End PBXSourcesBuildPhase section */

/* Begin PBXTargetDependency section */
		4445B48C1F53BFE60063E8B8 /* PBXTargetDependency */ = {
			isa = PBXTargetDependency;
			target = 4445B4701F53BFE60063E8B8 /* MobPaySDKDemo */;
			targetProxy = 4445B48B1F53BFE60063E8B8 /* PBXContainerItemProxy */;
		};
/* End PBXTargetDependency section */

/* Begin PBXVariantGroup section */
		4445B4821F53BFE60063E8B8 /* LaunchScreen.storyboard */ = {
			isa = PBXVariantGroup;
			children = (
				4445B4831F53BFE60063E8B8 /* Base */,
			);
			name = LaunchScreen.storyboard;
			sourceTree = "<group>";
		};
/* End PBXVariantGroup section */

/* Begin XCBuildConfiguration section */
		4445B4911F53BFE60063E8B8 /* Debug */ = {
			isa = XCBuildConfiguration;
			buildSettings = {
				ALWAYS_SEARCH_USER_PATHS = NO;
				CLANG_ANALYZER_NONNULL = YES;
				CLANG_ANALYZER_NUMBER_OBJECT_CONVERSION = YES_AGGRESSIVE;
				CLANG_CXX_LANGUAGE_STANDARD = "gnu++0x";
				CLANG_CXX_LIBRARY = "libc++";
				CLANG_ENABLE_MODULES = YES;
				CLANG_ENABLE_OBJC_ARC = YES;
				CLANG_WARN_BOOL_CONVERSION = YES;
				CLANG_WARN_CONSTANT_CONVERSION = YES;
				CLANG_WARN_DIRECT_OBJC_ISA_USAGE = YES_ERROR;
				CLANG_WARN_DOCUMENTATION_COMMENTS = YES;
				CLANG_WARN_EMPTY_BODY = YES;
				CLANG_WARN_ENUM_CONVERSION = YES;
				CLANG_WARN_INFINITE_RECURSION = YES;
				CLANG_WARN_INT_CONVERSION = YES;
				CLANG_WARN_OBJC_ROOT_CLASS = YES_ERROR;
				CLANG_WARN_SUSPICIOUS_MOVE = YES;
				CLANG_WARN_UNREACHABLE_CODE = YES;
				CLANG_WARN__DUPLICATE_METHOD_MATCH = YES;
				"CODE_SIGN_IDENTITY[sdk=iphoneos*]" = "iPhone Developer";
				COPY_PHASE_STRIP = NO;
				DEBUG_INFORMATION_FORMAT = dwarf;
				ENABLE_STRICT_OBJC_MSGSEND = YES;
				ENABLE_TESTABILITY = YES;
				GCC_C_LANGUAGE_STANDARD = gnu99;
				GCC_DYNAMIC_NO_PIC = NO;
				GCC_NO_COMMON_BLOCKS = YES;
				GCC_OPTIMIZATION_LEVEL = 0;
				GCC_PREPROCESSOR_DEFINITIONS = (
					"DEBUG=1",
					"$(inherited)",
				);
				GCC_WARN_64_TO_32_BIT_CONVERSION = YES;
				GCC_WARN_ABOUT_RETURN_TYPE = YES_ERROR;
				GCC_WARN_UNDECLARED_SELECTOR = YES;
				GCC_WARN_UNINITIALIZED_AUTOS = YES_AGGRESSIVE;
				GCC_WARN_UNUSED_FUNCTION = YES;
				GCC_WARN_UNUSED_VARIABLE = YES;
				IPHONEOS_DEPLOYMENT_TARGET = 10.3;
				MTL_ENABLE_DEBUG_INFO = YES;
				ONLY_ACTIVE_ARCH = YES;
				SDKROOT = iphoneos;
				TARGETED_DEVICE_FAMILY = "1,2";
			};
			name = Debug;
		};
		4445B4921F53BFE60063E8B8 /* Release */ = {
			isa = XCBuildConfiguration;
			buildSettings = {
				ALWAYS_SEARCH_USER_PATHS = NO;
				CLANG_ANALYZER_NONNULL = YES;
				CLANG_ANALYZER_NUMBER_OBJECT_CONVERSION = YES_AGGRESSIVE;
				CLANG_CXX_LANGUAGE_STANDARD = "gnu++0x";
				CLANG_CXX_LIBRARY = "libc++";
				CLANG_ENABLE_MODULES = YES;
				CLANG_ENABLE_OBJC_ARC = YES;
				CLANG_WARN_BOOL_CONVERSION = YES;
				CLANG_WARN_CONSTANT_CONVERSION = YES;
				CLANG_WARN_DIRECT_OBJC_ISA_USAGE = YES_ERROR;
				CLANG_WARN_DOCUMENTATION_COMMENTS = YES;
				CLANG_WARN_EMPTY_BODY = YES;
				CLANG_WARN_ENUM_CONVERSION = YES;
				CLANG_WARN_INFINITE_RECURSION = YES;
				CLANG_WARN_INT_CONVERSION = YES;
				CLANG_WARN_OBJC_ROOT_CLASS = YES_ERROR;
				CLANG_WARN_SUSPICIOUS_MOVE = YES;
				CLANG_WARN_UNREACHABLE_CODE = YES;
				CLANG_WARN__DUPLICATE_METHOD_MATCH = YES;
				"CODE_SIGN_IDENTITY[sdk=iphoneos*]" = "iPhone Developer";
				COPY_PHASE_STRIP = NO;
				DEBUG_INFORMATION_FORMAT = "dwarf-with-dsym";
				ENABLE_NS_ASSERTIONS = NO;
				ENABLE_STRICT_OBJC_MSGSEND = YES;
				GCC_C_LANGUAGE_STANDARD = gnu99;
				GCC_NO_COMMON_BLOCKS = YES;
				GCC_WARN_64_TO_32_BIT_CONVERSION = YES;
				GCC_WARN_ABOUT_RETURN_TYPE = YES_ERROR;
				GCC_WARN_UNDECLARED_SELECTOR = YES;
				GCC_WARN_UNINITIALIZED_AUTOS = YES_AGGRESSIVE;
				GCC_WARN_UNUSED_FUNCTION = YES;
				GCC_WARN_UNUSED_VARIABLE = YES;
				IPHONEOS_DEPLOYMENT_TARGET = 10.3;
				MTL_ENABLE_DEBUG_INFO = NO;
				SDKROOT = iphoneos;
				TARGETED_DEVICE_FAMILY = "1,2";
				VALIDATE_PRODUCT = YES;
			};
			name = Release;
		};
		4445B4941F53BFE60063E8B8 /* Debug */ = {
			isa = XCBuildConfiguration;
			buildSettings = {
				ASSETCATALOG_COMPILER_APPICON_NAME = AppIcon;
				"CODE_SIGN_IDENTITY[sdk=iphoneos*]" = "iPhone Developer";
				CODE_SIGN_STYLE = Manual;
				DEVELOPMENT_TEAM = Q87QUX3533;
				FRAMEWORK_SEARCH_PATHS = "\"$(SRCROOT)/SDK\"/**";
				INFOPLIST_FILE = MobPaySDKDemo/Info.plist;
				IPHONEOS_DEPLOYMENT_TARGET = 8.0;
				LD_RUNPATH_SEARCH_PATHS = "$(inherited) @executable_path/Frameworks";
				LIBRARY_SEARCH_PATHS = "\"$(SRCROOT)/SDK\"/**";
				OTHER_LDFLAGS = "-ObjC";
				PRODUCT_BUNDLE_IDENTIFIER = com.mob.product.PaySDK;
				PRODUCT_NAME = "$(TARGET_NAME)";
				PROVISIONING_PROFILE = "7ca920fb-ae43-4ba6-a96e-14db157e0b13";
				PROVISIONING_PROFILE_SPECIFIER = MobProvisioningProfiles;
			};
			name = Debug;
		};
		4445B4951F53BFE60063E8B8 /* Release */ = {
			isa = XCBuildConfiguration;
			buildSettings = {
				ASSETCATALOG_COMPILER_APPICON_NAME = AppIcon;
				"CODE_SIGN_IDENTITY[sdk=iphoneos*]" = "iPhone Distribution";
				CODE_SIGN_STYLE = Manual;
				DEVELOPMENT_TEAM = LW5266U92D;
				FRAMEWORK_SEARCH_PATHS = "\"$(SRCROOT)/SDK\"/**";
				INFOPLIST_FILE = MobPaySDKDemo/Info.plist;
				IPHONEOS_DEPLOYMENT_TARGET = 8.0;
				LD_RUNPATH_SEARCH_PATHS = "$(inherited) @executable_path/Frameworks";
				LIBRARY_SEARCH_PATHS = "\"$(SRCROOT)/SDK\"/**";
				OTHER_LDFLAGS = "-ObjC";
				PRODUCT_BUNDLE_IDENTIFIER = com.mob.product.PaySDK;
				PRODUCT_NAME = "$(TARGET_NAME)";
				PROVISIONING_PROFILE = "0d7f00f0-d181-460c-b270-de0a2f365fc1";
				PROVISIONING_PROFILE_SPECIFIER = PaySDKInHouse;
			};
			name = Release;
		};
		4445B4971F53BFE60063E8B8 /* Debug */ = {
			isa = XCBuildConfiguration;
			buildSettings = {
				BUNDLE_LOADER = "$(TEST_HOST)";
				DEVELOPMENT_TEAM = RS44JP5XUM;
				INFOPLIST_FILE = MobPaySDKDemoTests/Info.plist;
				LD_RUNPATH_SEARCH_PATHS = "$(inherited) @executable_path/Frameworks @loader_path/Frameworks";
				PRODUCT_BUNDLE_IDENTIFIER = youzu.MobPaySDKDemoTests;
				PRODUCT_NAME = "$(TARGET_NAME)";
				TEST_HOST = "$(BUILT_PRODUCTS_DIR)/MobPaySDKDemo.app/MobPaySDKDemo";
			};
			name = Debug;
		};
		4445B4981F53BFE60063E8B8 /* Release */ = {
			isa = XCBuildConfiguration;
			buildSettings = {
				BUNDLE_LOADER = "$(TEST_HOST)";
				DEVELOPMENT_TEAM = RS44JP5XUM;
				INFOPLIST_FILE = MobPaySDKDemoTests/Info.plist;
				LD_RUNPATH_SEARCH_PATHS = "$(inherited) @executable_path/Frameworks @loader_path/Frameworks";
				PRODUCT_BUNDLE_IDENTIFIER = youzu.MobPaySDKDemoTests;
				PRODUCT_NAME = "$(TARGET_NAME)";
				TEST_HOST = "$(BUILT_PRODUCTS_DIR)/MobPaySDKDemo.app/MobPaySDKDemo";
			};
			name = Release;
		};
/* End XCBuildConfiguration section */

/* Begin XCConfigurationList section */
		4445B46C1F53BFE60063E8B8 /* Build configuration list for PBXProject "MobPaySDKDemo" */ = {
			isa = XCConfigurationList;
			buildConfigurations = (
				4445B4911F53BFE60063E8B8 /* Debug */,
				4445B4921F53BFE60063E8B8 /* Release */,
			);
			defaultConfigurationIsVisible = 0;
			defaultConfigurationName = Release;
		};
		4445B4931F53BFE60063E8B8 /* Build configuration list for PBXNativeTarget "MobPaySDKDemo" */ = {
			isa = XCConfigurationList;
			buildConfigurations = (
				4445B4941F53BFE60063E8B8 /* Debug */,
				4445B4951F53BFE60063E8B8 /* Release */,
			);
			defaultConfigurationIsVisible = 0;
			defaultConfigurationName = Release;
		};
		4445B4961F53BFE60063E8B8 /* Build configuration list for PBXNativeTarget "MobPaySDKDemoTests" */ = {
			isa = XCConfigurationList;
			buildConfigurations = (
				4445B4971F53BFE60063E8B8 /* Debug */,
				4445B4981F53BFE60063E8B8 /* Release */,
			);
			defaultConfigurationIsVisible = 0;
			defaultConfigurationName = Release;
		};
/* End XCConfigurationList section */
	};
	rootObject = 4445B4691F53BFE60063E8B8 /* Project object */;
}
